<?xml version="1.0" encoding="UTF-8" standalone="yes" ?>
<CodeBlocks_project_file>
	<FileVersion major="1" minor="6" />
	<Project>
		<Option title="renderer" />
		<Option pch_mode="2" />
		<Option compiler="gcc" />
		<Build>
			<Target title="Debug">
				<Option output="bin/Debug/renderer" prefix_auto="1" extension_auto="1" />
				<Option object_output="obj/Debug/" />
				<Option type="1" />
				<Option compiler="gcc" />
				<Compiler>
					<Add option="-g" />
					<Add directory="include" />
				</Compiler>
				<Linker>
					<Add library="sfml-graphics-d" />
					<Add library="sfml-window-d" />
					<Add library="sfml-system-d" />
				</Linker>
			</Target>
			<Target title="Release">
				<Option output="bin/Release/renderer" prefix_auto="1" extension_auto="1" />
				<Option object_output="obj/Release/" />
				<Option type="1" />
				<Option compiler="gcc" />
				<Compiler>
					<Add option="-O3" />
					<Add option="-Wextra" />
					<Add option="-pg" />
					<Add option="-Wunused" />
					<Add directory="include" />
					<Add directory="Allocators" />
				</Compiler>
				<Linker>
					<Add option="-pg" />
					<Add library="sfml-graphics" />
					<Add library="sfml-window" />
					<Add library="sfml-system" />
				</Linker>
			</Target>
		</Build>
		<Compiler>
			<Add option="-std=c++11" />
			<Add option="-Wall" />
			<Add option="-fexceptions" />
			<Add directory="include" />
			<Add directory="C:/Libs/SFML/SFML-2.1/include" />
		</Compiler>
		<Linker>
			<Add directory="C:/Libs/SFML/SFML-2.1/lib" />
		</Linker>
		<Unit filename="FPS.hpp" />
		<Unit filename="alloc.ads" />
		<Unit filename="include/CheckCPU.h" />
		<Unit filename="include/Colour.h" />
		<Unit filename="include/DirectionalLight.h" />
		<Unit filename="include/Fragment.h" />
		<Unit filename="include/ILight.h" />
		<Unit filename="include/Matrix4.h" />
		<Unit filename="include/PointLight.h" />
		<Unit filename="include/RenderTarget.h" />
		<Unit filename="include/SpotLight.h" />
		<Unit filename="include/TriangleMesh.h" />
		<Unit filename="include/Vector2.h" />
		<Unit filename="include/Vector3.h" />
		<Unit filename="include/Vector4.h" />
		<Unit filename="include/Vertex2.h" />
		<Unit filename="include/Vertex3.h" />
		<Unit filename="include/VertexProcessor.h" />
		<Unit filename="include/alloc.h" />
		<Unit filename="include/structs.hpp" />
		<Unit filename="main.cpp" />
		<Unit filename="src/CheckCPU.cpp" />
		<Unit filename="src/Colour.cpp" />
		<Unit filename="src/DirectionalLight.cpp" />
		<Unit filename="src/Fragment.cpp" />
		<Unit filename="src/ILight.cpp" />
		<Unit filename="src/Matrix4.cpp" />
		<Unit filename="src/PointLight.cpp" />
		<Unit filename="src/RenderTarget.cpp" />
		<Unit filename="src/SpotLight.cpp" />
		<Unit filename="src/TriangleMesh.cpp" />
		<Unit filename="src/VertexProcessor.cpp" />
		<Unit filename="src/algorithms.hpp" />
		<Extensions>
			<code_completion />
			<envvars />
			<debugger />
			<lib_finder disable_auto="1" />
		</Extensions>
	</Project>
</CodeBlocks_project_file>
